
Microsoft Visual Studio Solution File, Format Version 12.00
# Visual Studio 14
VisualStudioVersion = 14.0.24720.0
MinimumVisualStudioVersion = 10.0.40219.1
Project("{FAE04EC0-301F-11D3-BF4B-00C04F79EFBC}") = "ReskinMaker", "ReskinMaker\ReskinMaker.csproj", "{C2483188-EE7B-498E-97D1-3C4977ECBECF}"
EndProject
Global
	GlobalSection(SolutionConfigurationPlatforms) = preSolution
		Debug|Any CPU = Debug|Any CPU
		Release|Any CPU = Release|Any CPU
	EndGlobalSection
	GlobalSection(ProjectConfigurationPlatforms) = postSolution
		{C2483188-EE7B-498E-97D1-3C4977ECBECF}.Debug|Any CPU.ActiveCfg = Debug|Any CPU
		{C2483188-EE7B-498E-97D1-3C4977ECBECF}.Debug|Any CPU.Build.0 = Debug|Any CPU
		{C2483188-EE7B-498E-97D1-3C4977ECBECF}.Release|Any CPU.ActiveCfg = Release|Any CPU
		{C2483188-EE7B-498E-97D1-3C4977ECBECF}.Release|Any CPU.Build.0 = Release|Any CPU
	EndGlobalSection
	GlobalSection(SolutionProperties) = preSolution
		HideSolutionNode = FALSE
	EndGlobalSection
EndGlobal
